// !$*UTF8*$!
{
	archiveVersion = 1;
	classes = {
	};
	objectVersion = 46;
	objects = {

/* Begin PBXBuildFile section */
		09AE0A1C1B95CEBB00739A64 /* main.m in Sources */ = {isa = PBXBuildFile; fileRef = 09AE0A1B1B95CEBB00739A64 /* main.m */; };
		09AE0A1F1B95CEBB00739A64 /* AppDelegate.m in Sources */ = {isa = PBXBuildFile; fileRef = 09AE0A1E1B95CEBB00739A64 /* AppDelegate.m */; };
		09AE0A211B95CEBB00739A64 /* Images.xcassets in Resources */ = {isa = PBXBuildFile; fileRef = 09AE0A201B95CEBB00739A64 /* Images.xcassets */; };
		09AE0A241B95CEBB00739A64 /* LaunchScreen.xib in Resources */ = {isa = PBXBuildFile; fileRef = 09AE0A221B95CEBB00739A64 /* LaunchScreen.xib */; };
		09AE0A301B95CEBB00739A64 /* ScreenshotMakerTests.m in Sources */ = {isa = PBXBuildFile; fileRef = 09AE0A2F1B95CEBB00739A64 /* ScreenshotMakerTests.m */; };
/* End PBXBuildFile section */

/* Begin PBXContainerItemProxy section */
		09AE0A2A1B95CEBB00739A64 /* PBXContainerItemProxy */ = {
			isa = PBXContainerItemProxy;
			containerPortal = 09AE0A0E1B95CEBB00739A64 /* Project object */;
			proxyType = 1;
			remoteGlobalIDString = 09AE0A151B95CEBB00739A64;
			remoteInfo = ScreenshotMaker;
		};
/* End PBXContainerItemProxy section */

/* Begin PBXFileReference section */
		09AE0A161B95CEBB00739A64 /* ScreenshotMaker.app */ = {isa = PBXFileReference; explicitFileType = wrapper.application; includeInIndex = 0; path = ScreenshotMaker.app; sourceTree = BUILT_PRODUCTS_DIR; };
		09AE0A1A1B95CEBB00739A64 /* Info.plist */ = {isa = PBXFileReference; lastKnownFileType = text.plist.xml; path = Info.plist; sourceTree = "<group>"; };
		09AE0A1B1B95CEBB00739A64 /* main.m */ = {isa = PBXFileReference; lastKnownFileType = sourcecode.c.objc; path = main.m; sourceTree = "<group>"; };
		09AE0A1D1B95CEBB00739A64 /* AppDelegate.h */ = {isa = PBXFileReference; lastKnownFileType = sourcecode.c.h; path = AppDelegate.h; sourceTree = "<group>"; };
		09AE0A1E1B95CEBB00739A64 /* AppDelegate.m */ = {isa = PBXFileReference; lastKnownFileType = sourcecode.c.objc; path = AppDelegate.m; sourceTree = "<group>"; };
		09AE0A201B95CEBB00739A64 /* Images.xcassets */ = {isa = PBXFileReference; lastKnownFileType = folder.assetcatalog; path = Images.xcassets; sourceTree = "<group>"; };
		09AE0A231B95CEBB00739A64 /* Base */ = {isa = PBXFileReference; lastKnownFileType = file.xib; name = Base; path = Base.lproj/LaunchScreen.xib; sourceTree = "<group>"; };
		09AE0A291B95CEBB00739A64 /* ScreenshotMakerTests.xctest */ = {isa = PBXFileReference; explicitFileType = wrapper.cfbundle; includeInIndex = 0; path = ScreenshotMakerTests.xctest; sourceTree = BUILT_PRODUCTS_DIR; };
		09AE0A2E1B95CEBB00739A64 /* Info.plist */ = {isa = PBXFileReference; lastKnownFileType = text.plist.xml; path = Info.plist; sourceTree = "<group>"; };
		09AE0A2F1B95CEBB00739A64 /* ScreenshotMakerTests.m */ = {isa = PBXFileReference; lastKnownFileType = sourcecode.c.objc; path = ScreenshotMakerTests.m; sourceTree = "<group>"; };
/* End PBXFileReference section */

/* Begin PBXFrameworksBuildPhase section */
		09AE0A131B95CEBB00739A64 /* Frameworks */ = {
			isa = PBXFrameworksBuildPhase;
			buildActionMask = 2147483647;
			files = (
			);
			runOnlyForDeploymentPostprocessing = 0;
		};
		09AE0A261B95CEBB00739A64 /* Frameworks */ = {
			isa = PBXFrameworksBuildPhase;
			buildActionMask = 2147483647;
			files = (
			);
			runOnlyForDeploymentPostprocessing = 0;
		};
/* End PBXFrameworksBuildPhase section */

/* Begin PBXGroup section */
		09AE0A0D1B95CEBB00739A64 = {
			isa = PBXGroup;
			children = (
				09AE0A181B95CEBB00739A64 /* ScreenshotMaker */,
				09AE0A2C1B95CEBB00739A64 /* ScreenshotMakerTests */,
				09AE0A171B95CEBB00739A64 /* Products */,
			);
			sourceTree = "<group>";
		};
		09AE0A171B95CEBB00739A64 /* Products */ = {
			isa = PBXGroup;
			children = (
				09AE0A161B95CEBB00739A64 /* ScreenshotMaker.app */,
				09AE0A291B95CEBB00739A64 /* ScreenshotMakerTests.xctest */,
			);
			name = Products;
			sourceTree = "<group>";
		};
		09AE0A181B95CEBB00739A64 /* ScreenshotMaker */ = {
			isa = PBXGroup;
			children = (
				09AE0A1D1B95CEBB00739A64 /* AppDelegate.h */,
				09AE0A1E1B95CEBB00739A64 /* AppDelegate.m */,
				09AE0A201B95CEBB00739A64 /* Images.xcassets */,
				09AE0A221B95CEBB00739A64 /* LaunchScreen.xib */,
				09AE0A191B95CEBB00739A64 /* Supporting Files */,
			);
			path = ScreenshotMaker;
			sourceTree = "<group>";
		};
		09AE0A191B95CEBB00739A64 /* Supporting Files */ = {
			isa = PBXGroup;
			children = (
				09AE0A1A1B95CEBB00739A64 /* Info.plist */,
				09AE0A1B1B95CEBB00739A64 /* main.m */,
			);
			name = "Supporting Files";
			sourceTree = "<group>";
		};
		09AE0A2C1B95CEBB00739A64 /* ScreenshotMakerTests */ = {
			isa = PBXGroup;
			children = (
				09AE0A2F1B95CEBB00739A64 /* ScreenshotMakerTests.m */,
				09AE0A2D1B95CEBB00739A64 /* Supporting Files */,
			);
			path = ScreenshotMakerTests;
			sourceTree = "<group>";
		};
		09AE0A2D1B95CEBB00739A64 /* Supporting Files */ = {
			isa = PBXGroup;
			children = (
				09AE0A2E1B95CEBB00739A64 /* Info.plist */,
			);
			name = "Supporting Files";
			sourceTree = "<group>";
		};
/* End PBXGroup section */

/* Begin PBXNativeTarget section */
		09AE0A151B95CEBB00739A64 /* ScreenshotMaker */ = {
			isa = PBXNativeTarget;
			buildConfigurationList = 09AE0A331B95CEBB00739A64 /* Build configuration list for PBXNativeTarget "ScreenshotMaker" */;
			buildPhases = (
				09AE0A121B95CEBB00739A64 /* Sources */,
				09AE0A131B95CEBB00739A64 /* Frameworks */,
				09AE0A141B95CEBB00739A64 /* Resources */,
			);
			buildRules = (
			);
			dependencies = (
			);
			name = ScreenshotMaker;
			productName = ScreenshotMaker;
			productReference = 09AE0A161B95CEBB00739A64 /* ScreenshotMaker.app */;
			productType = "com.apple.product-type.application";
		};
		09AE0A281B95CEBB00739A64 /* ScreenshotMakerTests */ = {
			isa = PBXNativeTarget;
			buildConfigurationList = 09AE0A361B95CEBB00739A64 /* Build configuration list for PBXNativeTarget "ScreenshotMakerTests" */;
			buildPhases = (
				09AE0A251B95CEBB00739A64 /* Sources */,
				09AE0A261B95CEBB00739A64 /* Frameworks */,
				09AE0A271B95CEBB00739A64 /* Resources */,
			);
			buildRules = (
			);
			dependencies = (
				09AE0A2B1B95CEBB00739A64 /* PBXTargetDependency */,
			);
			name = ScreenshotMakerTests;
			productName = ScreenshotMakerTests;
			productReference = 09AE0A291B95CEBB00739A64 /* ScreenshotMakerTests.xctest */;
			productType = "com.apple.product-type.bundle.unit-test";
		};
/* End PBXNativeTarget section */

/* Begin PBXProject section */
		09AE0A0E1B95CEBB00739A64 /* Project object */ = {
			isa = PBXProject;
			attributes = {
				LastUpgradeCheck = 0640;
				ORGANIZATIONNAME = WuZhengBin;
				TargetAttributes = {
					09AE0A151B95CEBB00739A64 = {
						CreatedOnToolsVersion = 6.4;
					};
					09AE0A281B95CEBB00739A64 = {
						CreatedOnToolsVersion = 6.4;
						TestTargetID = 09AE0A151B95CEBB00739A64;
					};
				};
			};
			buildConfigurationList = 09AE0A111B95CEBB00739A64 /* Build configuration list for PBXProject "ScreenshotMaker" */;
			compatibilityVersion = "Xcode 3.2";
			developmentRegion = English;
			hasScannedForEncodings = 0;
			knownRegions = (
				en,
				Base,
			);
			mainGroup = 09AE0A0D1B95CEBB00739A64;
			productRefGroup = 09AE0A171B95CEBB00739A64 /* Products */;
			projectDirPath = "";
			projectRoot = "";
			targets = (
				09AE0A151B95CEBB00739A64 /* ScreenshotMaker */,
				09AE0A281B95CEBB00739A64 /* ScreenshotMakerTests */,
			);
		};
/* End PBXProject section */

/* Begin PBXResourcesBuildPhase section */
		09AE0A141B95CEBB00739A64 /* Resources */ = {
			isa = PBXResourcesBuildPhase;
			buildActionMask = 2147483647;
			files = (
				09AE0A241B95CEBB00739A64 /* LaunchScreen.xib in Resources */,
				09AE0A211B95CEBB00739A64 /* Images.xcassets in Resources */,
			);
			runOnlyForDeploymentPostprocessing = 0;
		};
		09AE0A271B95CEBB00739A64 /* Resources */ = {
			isa = PBXResourcesBuildPhase;
			buildActionMask = 2147483647;
			files = (
			);
			runOnlyForDeploymentPostprocessing = 0;
		};
/* End PBXResourcesBuildPhase section */

/* Begin PBXSourcesBuildPhase section */
		09AE0A121B95CEBB00739A64 /* Sources */ = {
			isa = PBXSourcesBuildPhase;
			buildActionMask = 2147483647;
			files = (
				09AE0A1F1B95CEBB00739A64 /* AppDelegate.m in Sources */,
				09AE0A1C1B95CEBB00739A64 /* main.m in Sources */,
			);
			runOnlyForDeploymentPostprocessing = 0;
		};
		09AE0A251B95CEBB00739A64 /* Sources */ = {
			isa = PBXSourcesBuildPhase;
			buildActionMask = 2147483647;
			files = (
				09AE0A301B95CEBB00739A64 /* ScreenshotMakerTests.m in Sources */,
			);
			runOnlyForDeploymentPostprocessing = 0;
		};
/* End PBXSourcesBuildPhase section */

/* Begin PBXTargetDependency section */
		09AE0A2B1B95CEBB00739A64 /* PBXTargetDependency */ = {
			isa = PBXTargetDependency;
			target = 09AE0A151B95CEBB00739A64 /* ScreenshotMaker */;
			targetProxy = 09AE0A2A1B95CEBB00739A64 /* PBXContainerItemProxy */;
		};
/* End PBXTargetDependency section */

/* Begin PBXVariantGroup section */
		09AE0A221B95CEBB00739A64 /* LaunchScreen.xib */ = {
			isa = PBXVariantGroup;
			children = (
				09AE0A231B95CEBB00739A64 /* Base */,
			);
			name = LaunchScreen.xib;
			sourceTree = "<group>";
		};
/* End PBXVariantGroup section */

/* Begin XCBuildConfiguration section */
		09AE0A311B95CEBB00739A64 /* Debug */ = {
			isa = XCBuildConfiguration;
			buildSettings = {
				ALWAYS_SEARCH_USER_PATHS = NO;
				CLANG_CXX_LANGUAGE_STANDARD = "gnu++0x";
				CLANG_CXX_LIBRARY = "libc++";
				CLANG_ENABLE_MODULES = YES;
				CLANG_ENABLE_OBJC_ARC = YES;
				CLANG_WARN_BOOL_CONVERSION = YES;
				CLANG_WARN_CONSTANT_CONVERSION = YES;
				CLANG_WARN_DIRECT_OBJC_ISA_USAGE = YES_ERROR;
				CLANG_WARN_EMPTY_BODY = YES;
				CLANG_WARN_ENUM_CONVERSION = YES;
				CLANG_WARN_INT_CONVERSION = YES;
				CLANG_WARN_OBJC_ROOT_CLASS = YES_ERROR;
				CLANG_WARN_UNREACHABLE_CODE = YES;
				CLANG_WARN__DUPLICATE_METHOD_MATCH = YES;
				"CODE_SIGN_IDENTITY[sdk=iphoneos*]" = "iPhone Developer";
				COPY_PHASE_STRIP = NO;
				DEBUG_INFORMATION_FORMAT = "dwarf-with-dsym";
				ENABLE_STRICT_OBJC_MSGSEND = YES;
				GCC_C_LANGUAGE_STANDARD = gnu99;
				GCC_DYNAMIC_NO_PIC = NO;
				GCC_NO_COMMON_BLOCKS = YES;
				GCC_OPTIMIZATION_LEVEL = 0;
				GCC_PREPROCESSOR_DEFINITIONS = (
					"DEBUG=1",
					"$(inherited)",
				);
				GCC_SYMBOLS_PRIVATE_EXTERN = NO;
				GCC_WARN_64_TO_32_BIT_CONVERSION = YES;
				GCC_WARN_ABOUT_RETURN_TYPE = YES_ERROR;
				GCC_WARN_UNDECLARED_SELECTOR = YES;
				GCC_WARN_UNINITIALIZED_AUTOS = YES_AGGRESSIVE;
				GCC_WARN_UNUSED_FUNCTION = YES;
				GCC_WARN_UNUSED_VARIABLE = YES;
				IPHONEOS_DEPLOYMENT_TARGET = 8.4;
				MTL_ENABLE_DEBUG_INFO = YES;
				ONLY_ACTIVE_ARCH = YES;
				SDKROOT = iphoneos;
			};
			name = Debug;
		};
		09AE0A321B95CEBB00739A64 /* Release */ = {
			isa = XCBuildConfiguration;
			buildSettings = {
				ALWAYS_SEARCH_USER_PATHS = NO;
				CLANG_CXX_LANGUAGE_STANDARD = "gnu++0x";
				CLANG_CXX_LIBRARY = "libc++";
				CLANG_ENABLE_MODULES = YES;
				CLANG_ENABLE_OBJC_ARC = YES;
				CLANG_WARN_BOOL_CONVERSION = YES;
				CLANG_WARN_CONSTANT_CONVERSION = YES;
				CLANG_WARN_DIRECT_OBJC_ISA_USAGE = YES_ERROR;
				CLANG_WARN_EMPTY_BODY = YES;
				CLANG_WARN_ENUM_CONVERSION = YES;
				CLANG_WARN_INT_CONVERSION = YES;
				CLANG_WARN_OBJC_ROOT_CLASS = YES_ERROR;
				CLANG_WARN_UNREACHABLE_CODE = YES;
				CLANG_WARN__DUPLICATE_METHOD_MATCH = YES;
				"CODE_SIGN_IDENTITY[sdk=iphoneos*]" = "iPhone Developer";
				COPY_PHASE_STRIP = NO;
				DEBUG_INFORMATION_FORMAT = "dwarf-with-dsym";
				ENABLE_NS_ASSERTIONS = NO;
				ENABLE_STRICT_OBJC_MSGSEND = YES;
				GCC_C_LANGUAGE_STANDARD = gnu99;
				GCC_NO_COMMON_BLOCKS = YES;
				GCC_WARN_64_TO_32_BIT_CONVERSION = YES;
				GCC_WARN_ABOUT_RETURN_TYPE = YES_ERROR;
				GCC_WARN_UNDECLARED_SELECTOR = YES;
				GCC_WARN_UNINITIALIZED_AUTOS = YES_AGGRESSIVE;
				GCC_WARN_UNUSED_FUNCTION = YES;
				GCC_WARN_UNUSED_VARIABLE = YES;
				IPHONEOS_DEPLOYMENT_TARGET = 8.4;
				MTL_ENABLE_DEBUG_INFO = NO;
				SDKROOT = iphoneos;
				VALIDATE_PRODUCT = YES;
			};
			name = Release;
		};
		09AE0A341B95CEBB00739A64 /* Debug */ = {
			isa = XCBuildConfiguration;
			buildSettings = {
				ASSETCATALOG_COMPILER_APPICON_NAME = AppIcon;
				INFOPLIST_FILE = ScreenshotMaker/Info.plist;
				LD_RUNPATH_SEARCH_PATHS = "$(inherited) @executable_path/Frameworks";
				PRODUCT_NAME = "$(TARGET_NAME)";
			};
			name = Debug;
		};
		09AE0A351B95CEBB00739A64 /* Release */ = {
			isa = XCBuildConfiguration;
			buildSettings = {
				ASSETCATALOG_COMPILER_APPICON_NAME = AppIcon;
				INFOPLIST_FILE = ScreenshotMaker/Info.plist;
				LD_RUNPATH_SEARCH_PATHS = "$(inherited) @executable_path/Frameworks";
				PRODUCT_NAME = "$(TARGET_NAME)";
			};
			name = Release;
		};
		09AE0A371B95CEBB00739A64 /* Debug */ = {
			isa = XCBuildConfiguration;
			buildSettings = {
				BUNDLE_LOADER = "$(TEST_HOST)";
				FRAMEWORK_SEARCH_PATHS = (
					"$(SDKROOT)/Developer/Library/Frameworks",
					"$(inherited)",
				);
				GCC_PREPROCESSOR_DEFINITIONS = (
					"DEBUG=1",
					"$(inherited)",
				);
				INFOPLIST_FILE = ScreenshotMakerTests/Info.plist;
				LD_RUNPATH_SEARCH_PATHS = "$(inherited) @executable_path/Frameworks @loader_path/Frameworks";
				PRODUCT_NAME = "$(TARGET_NAME)";
				TEST_HOST = "$(BUILT_PRODUCTS_DIR)/ScreenshotMaker.app/ScreenshotMaker";
			};
			name = Debug;
		};
		09AE0A381B95CEBB00739A64 /* Release */ = {
			isa = XCBuildConfiguration;
			buildSettings = {
				BUNDLE_LOADER = "$(TEST_HOST)";
				FRAMEWORK_SEARCH_PATHS = (
					"$(SDKROOT)/Developer/Library/Frameworks",
					"$(inherited)",
				);
				INFOPLIST_FILE = ScreenshotMakerTests/Info.plist;
				LD_RUNPATH_SEARCH_PATHS = "$(inherited) @executable_path/Frameworks @loader_path/Frameworks";
				PRODUCT_NAME = "$(TARGET_NAME)";
				TEST_HOST = "$(BUILT_PRODUCTS_DIR)/ScreenshotMaker.app/ScreenshotMaker";
			};
			name = Release;
		};
/* End XCBuildConfiguration section */

/* Begin XCConfigurationList section */
		09AE0A111B95CEBB00739A64 /* Build configuration list for PBXProject "ScreenshotMaker" */ = {
			isa = XCConfigurationList;
			buildConfigurations = (
				09AE0A311B95CEBB00739A64 /* Debug */,
				09AE0A321B95CEBB00739A64 /* Release */,
			);
			defaultConfigurationIsVisible = 0;
			defaultConfigurationName = Release;
		};
		09AE0A331B95CEBB00739A64 /* Build configuration list for PBXNativeTarget "ScreenshotMaker" */ = {
			isa = XCConfigurationList;
			buildConfigurations = (
				09AE0A341B95CEBB00739A64 /* Debug */,
				09AE0A351B95CEBB00739A64 /* Release */,
			);
			defaultConfigurationIsVisible = 0;
		};
		09AE0A361B95CEBB00739A64 /* Build configuration list for PBXNativeTarget "ScreenshotMakerTests" */ = {
			isa = XCConfigurationList;
			buildConfigurations = (
				09AE0A371B95CEBB00739A64 /* Debug */,
				09AE0A381B95CEBB00739A64 /* Release */,
			);
			defaultConfigurationIsVisible = 0;
		};
/* End XCConfigurationList section */
	};
	rootObject = 09AE0A0E1B95CEBB00739A64 /* Project object */;
}
